<?xml version="1.0" encoding="utf-8"?>
<Project ToolsVersion="4.0" xmlns="http://schemas.microsoft.com/developer/msbuild/2003">
  <ItemGroup>
    <Filter Include="Sources">
      <UniqueIdentifier>{4FC737F1-C7A5-4376-A066-2A32D752A2FF}</UniqueIdentifier>
      <Extensions>cpp;c;cc;cxx;c++;cppm;ixx;def;odl;idl;hpj;bat;asm;asmx</Extensions>
    </Filter>
    <Filter Include="Headers">
      <UniqueIdentifier>{93995380-89BD-4b04-88EB-625FBE52EBFB}</UniqueIdentifier>
      <Extensions>h;hh;hpp;hxx;h++;hm;inl;inc;ipp;xsd</Extensions>
    </Filter>
    <Filter Include="Headers\Utils">
      <UniqueIdentifier>{28c83acd-4c7f-4b1b-802c-b0a348c6939e}</UniqueIdentifier>
    </Filter>
    <Filter Include="Sources\pugixml">
      <UniqueIdentifier>{08403e1c-6b4e-4495-a73e-df4aa040598b}</UniqueIdentifier>
    </Filter>
    <Filter Include="Headers\Utils\KDTree">
      <UniqueIdentifier>{c21a0d22-d493-4d6b-b82c-20d89b047ff8}</UniqueIdentifier>
    </Filter>
    <Filter Include="Tests">
      <UniqueIdentifier>{4b2fa9a5-c834-47cb-97e2-5e27328a5cee}</UniqueIdentifier>
    </Filter>
    <Filter Include="Tests\Headers">
      <UniqueIdentifier>{701a7617-d939-4bb6-9d86-6292b4e6f2a7}</UniqueIdentifier>
    </Filter>
    <Filter Include="Tests\Sources">
      <UniqueIdentifier>{48ba33e9-92a5-45d6-b469-7b01eacfb8a6}</UniqueIdentifier>
    </Filter>
  </ItemGroup>
  <ItemGroup>
    <ClCompile Include="main.cpp">
      <Filter>Sources</Filter>
    </ClCompile>
    <ClCompile Include="config.cpp">
      <Filter>Sources</Filter>
    </ClCompile>
    <ClCompile Include="libraries\pugixml\pugixml.cpp">
      <Filter>Sources\pugixml</Filter>
    </ClCompile>
    <ClCompile Include="log_manager.cpp">
      <Filter>Sources</Filter>
    </ClCompile>
    <ClCompile Include="parameters.cpp">
      <Filter>Sources</Filter>
    </ClCompile>
    <ClCompile Include="structure.cpp">
      <Filter>Sources</Filter>
    </ClCompile>
    <ClCompile Include="entity.cpp">
      <Filter>Sources</Filter>
    </ClCompile>
    <ClCompile Include="rin.cpp">
      <Filter>Sources</Filter>
    </ClCompile>
    <ClCompile Include="records.cpp">
      <Filter>Sources</Filter>
    </ClCompile>
    <ClCompile Include="network.cpp">
      <Filter>Sources</Filter>
    </ClCompile>
    <ClCompile Include="pdb_data.cpp">
      <Filter>Sources</Filter>
    </ClCompile>
    <ClCompile Include="BlackBoxTest.cpp">
      <Filter>Tests\Sources</Filter>
    </ClCompile>
    <ClCompile Include="KDTreeTest.cpp">
      <Filter>Tests\Sources</Filter>
    </ClCompile>
    <ClCompile Include="$(MSBuildThisFileDirectory)..\..\lib\native\src\gtest\gtest-all.cc">
      <Filter>Tests</Filter>
    </ClCompile>
    <ClCompile Include="$(MSBuildThisFileDirectory)..\..\lib\native\src\gmock\gmock-all.cc">
      <Filter>Tests</Filter>
    </ClCompile>
    <ClCompile Include="energy.cpp">
      <Filter>Sources</Filter>
    </ClCompile>
  </ItemGroup>
  <ItemGroup>
    <ClInclude Include="geom.h">
      <Filter>Headers\Utils</Filter>
    </ClInclude>
    <ClInclude Include="kdpoint.h">
      <Filter>Headers\Utils\KDTree</Filter>
    </ClInclude>
    <ClInclude Include="kdtree.h">
      <Filter>Headers\Utils\KDTree</Filter>
    </ClInclude>
    <ClInclude Include="config.h">
      <Filter>Headers</Filter>
    </ClInclude>
    <ClInclude Include="log_manager.h">
      <Filter>Headers</Filter>
    </ClInclude>
    <ClInclude Include="parameters.h">
      <Filter>Headers</Filter>
    </ClInclude>
    <ClInclude Include="interval.h">
      <Filter>Headers\Utils</Filter>
    </ClInclude>
    <ClInclude Include="prelude.h">
      <Filter>Headers\Utils</Filter>
    </ClInclude>
    <ClInclude Include="structure.h">
      <Filter>Headers</Filter>
    </ClInclude>
    <ClInclude Include="entity.h">
      <Filter>Headers</Filter>
    </ClInclude>
    <ClInclude Include="records.h">
      <Filter>Headers</Filter>
    </ClInclude>
    <ClInclude Include="rin.h">
      <Filter>Headers</Filter>
    </ClInclude>
    <ClInclude Include="bonds.h">
      <Filter>Headers</Filter>
    </ClInclude>
    <ClInclude Include="bondfunctors.h">
      <Filter>Headers</Filter>
    </ClInclude>
    <ClInclude Include="network.h">
      <Filter>Headers</Filter>
    </ClInclude>
    <ClInclude Include="pdb_data.h">
      <Filter>Headers</Filter>
    </ClInclude>
    <ClInclude Include="mykdpoint.h">
      <Filter>Tests\Headers</Filter>
    </ClInclude>
    <ClInclude Include="BlackBoxTest.h">
      <Filter>Tests\Headers</Filter>
    </ClInclude>
    <ClInclude Include="main.h">
      <Filter>Headers</Filter>
    </ClInclude>
    <ClInclude Include="energy.h">
      <Filter>Headers</Filter>
    </ClInclude>
  </ItemGroup>
  <ItemGroup>
    <Text Include="..\TODO.txt" />
  </ItemGroup>
  <ItemGroup>
    <None Include="packages.config" />
  </ItemGroup>
</Project>